// !$*UTF8*$!
{
	archiveVersion = 1;
	classes = {
	};
	objectVersion = 56;
	objects = {

/* Begin PBXBuildFile section */
		A74E08C52A8FE7CA00D4B7F6 /* AppDelegate.swift in Sources */ = {isa = PBXBuildFile; fileRef = A74E08C42A8FE7CA00D4B7F6 /* AppDelegate.swift */; };
		A74E08C72A8FE7CA00D4B7F6 /* SceneDelegate.swift in Sources */ = {isa = PBXBuildFile; fileRef = A74E08C62A8FE7CA00D4B7F6 /* SceneDelegate.swift */; };
		A74E08C92A8FE7CA00D4B7F6 /* ToDoViewController.swift in Sources */ = {isa = PBXBuildFile; fileRef = A74E08C82A8FE7CA00D4B7F6 /* ToDoViewController.swift */; };
		A74E08CC2A8FE7CA00D4B7F6 /* ToDoList.storyboard in Resources */ = {isa = PBXBuildFile; fileRef = A74E08CA2A8FE7CA00D4B7F6 /* ToDoList.storyboard */; };
		A74E08CE2A8FE7CB00D4B7F6 /* Assets.xcassets in Resources */ = {isa = PBXBuildFile; fileRef = A74E08CD2A8FE7CB00D4B7F6 /* Assets.xcassets */; };
		A74E08D12A8FE7CB00D4B7F6 /* LaunchScreen.storyboard in Resources */ = {isa = PBXBuildFile; fileRef = A74E08CF2A8FE7CB00D4B7F6 /* LaunchScreen.storyboard */; };
		A75678D22A8FFE040078F068 /* TaskModel.swift in Sources */ = {isa = PBXBuildFile; fileRef = A75678D12A8FFE040078F068 /* TaskModel.swift */; };
		A75678D62A90070C0078F068 /* TaskTableViewCell.swift in Sources */ = {isa = PBXBuildFile; fileRef = A75678D52A90070C0078F068 /* TaskTableViewCell.swift */; };
		A75678D82A90C2B20078F068 /* TaskViewController.swift in Sources */ = {isa = PBXBuildFile; fileRef = A75678D72A90C2B20078F068 /* TaskViewController.swift */; };
		A773CAC32A9229C30042E2BC /* DatabaseManager.swift in Sources */ = {isa = PBXBuildFile; fileRef = A773CAC22A9229C30042E2BC /* DatabaseManager.swift */; };
		A773CAC82A9261C20042E2BC /* DBErrors.swift in Sources */ = {isa = PBXBuildFile; fileRef = A773CAC72A9261C20042E2BC /* DBErrors.swift */; };
		BD7CB41DE6A92C3F792EE3CA /* Pods_docusketchTestTask.framework in Frameworks */ = {isa = PBXBuildFile; fileRef = FD99D3D214A8D062E277A060 /* Pods_docusketchTestTask.framework */; };
/* End PBXBuildFile section */

/* Begin PBXFileReference section */
		73E45EC4D20358C7453DB1B2 /* Pods-docusketchTestTask.release.xcconfig */ = {isa = PBXFileReference; includeInIndex = 1; lastKnownFileType = text.xcconfig; name = "Pods-docusketchTestTask.release.xcconfig"; path = "Target Support Files/Pods-docusketchTestTask/Pods-docusketchTestTask.release.xcconfig"; sourceTree = "<group>"; };
		A74E08C12A8FE7CA00D4B7F6 /* docusketchTestTask.app */ = {isa = PBXFileReference; explicitFileType = wrapper.application; includeInIndex = 0; path = docusketchTestTask.app; sourceTree = BUILT_PRODUCTS_DIR; };
		A74E08C42A8FE7CA00D4B7F6 /* AppDelegate.swift */ = {isa = PBXFileReference; lastKnownFileType = sourcecode.swift; path = AppDelegate.swift; sourceTree = "<group>"; };
		A74E08C62A8FE7CA00D4B7F6 /* SceneDelegate.swift */ = {isa = PBXFileReference; lastKnownFileType = sourcecode.swift; path = SceneDelegate.swift; sourceTree = "<group>"; };
		A74E08C82A8FE7CA00D4B7F6 /* ToDoViewController.swift */ = {isa = PBXFileReference; lastKnownFileType = sourcecode.swift; path = ToDoViewController.swift; sourceTree = "<group>"; };
		A74E08CB2A8FE7CA00D4B7F6 /* Base */ = {isa = PBXFileReference; lastKnownFileType = file.storyboard; name = Base; path = Base.lproj/ToDoList.storyboard; sourceTree = "<group>"; };
		A74E08CD2A8FE7CB00D4B7F6 /* Assets.xcassets */ = {isa = PBXFileReference; lastKnownFileType = folder.assetcatalog; path = Assets.xcassets; sourceTree = "<group>"; };
		A74E08D02A8FE7CB00D4B7F6 /* Base */ = {isa = PBXFileReference; lastKnownFileType = file.storyboard; name = Base; path = Base.lproj/LaunchScreen.storyboard; sourceTree = "<group>"; };
		A74E08D22A8FE7CB00D4B7F6 /* Info.plist */ = {isa = PBXFileReference; lastKnownFileType = text.plist.xml; path = Info.plist; sourceTree = "<group>"; };
		A75678D12A8FFE040078F068 /* TaskModel.swift */ = {isa = PBXFileReference; lastKnownFileType = sourcecode.swift; path = TaskModel.swift; sourceTree = "<group>"; };
		A75678D52A90070C0078F068 /* TaskTableViewCell.swift */ = {isa = PBXFileReference; lastKnownFileType = sourcecode.swift; path = TaskTableViewCell.swift; sourceTree = "<group>"; };
		A75678D72A90C2B20078F068 /* TaskViewController.swift */ = {isa = PBXFileReference; lastKnownFileType = sourcecode.swift; path = TaskViewController.swift; sourceTree = "<group>"; };
		A773CAC22A9229C30042E2BC /* DatabaseManager.swift */ = {isa = PBXFileReference; lastKnownFileType = sourcecode.swift; path = DatabaseManager.swift; sourceTree = "<group>"; };
		A773CAC72A9261C20042E2BC /* DBErrors.swift */ = {isa = PBXFileReference; lastKnownFileType = sourcecode.swift; path = DBErrors.swift; sourceTree = "<group>"; };
		C6EC234B1BED465747F7C2D1 /* Pods-docusketchTestTask.debug.xcconfig */ = {isa = PBXFileReference; includeInIndex = 1; lastKnownFileType = text.xcconfig; name = "Pods-docusketchTestTask.debug.xcconfig"; path = "Target Support Files/Pods-docusketchTestTask/Pods-docusketchTestTask.debug.xcconfig"; sourceTree = "<group>"; };
		FD99D3D214A8D062E277A060 /* Pods_docusketchTestTask.framework */ = {isa = PBXFileReference; explicitFileType = wrapper.framework; includeInIndex = 0; path = Pods_docusketchTestTask.framework; sourceTree = BUILT_PRODUCTS_DIR; };
/* End PBXFileReference section */

/* Begin PBXFrameworksBuildPhase section */
		A74E08BE2A8FE7CA00D4B7F6 /* Frameworks */ = {
			isa = PBXFrameworksBuildPhase;
			buildActionMask = 2147483647;
			files = (
				BD7CB41DE6A92C3F792EE3CA /* Pods_docusketchTestTask.framework in Frameworks */,
			);
			runOnlyForDeploymentPostprocessing = 0;
		};
/* End PBXFrameworksBuildPhase section */

/* Begin PBXGroup section */
		A74E08B82A8FE7CA00D4B7F6 = {
			isa = PBXGroup;
			children = (
				A74E08C32A8FE7CA00D4B7F6 /* docusketchTestTask */,
				A74E08C22A8FE7CA00D4B7F6 /* Products */,
				BACD4E446DB3379446532053 /* Pods */,
				F568792DE4250EF608311382 /* Frameworks */,
			);
			sourceTree = "<group>";
		};
		A74E08C22A8FE7CA00D4B7F6 /* Products */ = {
			isa = PBXGroup;
			children = (
				A74E08C12A8FE7CA00D4B7F6 /* docusketchTestTask.app */,
			);
			name = Products;
			sourceTree = "<group>";
		};
		A74E08C32A8FE7CA00D4B7F6 /* docusketchTestTask */ = {
			isa = PBXGroup;
			children = (
				A773CAC42A92616F0042E2BC /* Core */,
				A75678CE2A8FFD180078F068 /* Models */,
				A75678CF2A8FFD220078F068 /* Views */,
				A75678D02A8FFD2D0078F068 /* ViewControllers */,
				A74E08C42A8FE7CA00D4B7F6 /* AppDelegate.swift */,
				A74E08C62A8FE7CA00D4B7F6 /* SceneDelegate.swift */,
				A74E08CD2A8FE7CB00D4B7F6 /* Assets.xcassets */,
				A74E08D22A8FE7CB00D4B7F6 /* Info.plist */,
			);
			path = docusketchTestTask;
			sourceTree = "<group>";
		};
		A75678CE2A8FFD180078F068 /* Models */ = {
			isa = PBXGroup;
			children = (
				A75678D12A8FFE040078F068 /* TaskModel.swift */,
				A773CAC22A9229C30042E2BC /* DatabaseManager.swift */,
			);
			path = Models;
			sourceTree = "<group>";
		};
		A75678CF2A8FFD220078F068 /* Views */ = {
			isa = PBXGroup;
			children = (
				A74E08CF2A8FE7CB00D4B7F6 /* LaunchScreen.storyboard */,
				A74E08CA2A8FE7CA00D4B7F6 /* ToDoList.storyboard */,
				A75678D52A90070C0078F068 /* TaskTableViewCell.swift */,
			);
			path = Views;
			sourceTree = "<group>";
		};
		A75678D02A8FFD2D0078F068 /* ViewControllers */ = {
			isa = PBXGroup;
			children = (
				A74E08C82A8FE7CA00D4B7F6 /* ToDoViewController.swift */,
				A75678D72A90C2B20078F068 /* TaskViewController.swift */,
			);
			path = ViewControllers;
			sourceTree = "<group>";
		};
		A773CAC42A92616F0042E2BC /* Core */ = {
			isa = PBXGroup;
			children = (
				A773CAC52A92618B0042E2BC /* Errors */,
			);
			path = Core;
			sourceTree = "<group>";
		};
		A773CAC52A92618B0042E2BC /* Errors */ = {
			isa = PBXGroup;
			children = (
				A773CAC72A9261C20042E2BC /* DBErrors.swift */,
			);
			path = Errors;
			sourceTree = "<group>";
		};
		BACD4E446DB3379446532053 /* Pods */ = {
			isa = PBXGroup;
			children = (
				C6EC234B1BED465747F7C2D1 /* Pods-docusketchTestTask.debug.xcconfig */,
				73E45EC4D20358C7453DB1B2 /* Pods-docusketchTestTask.release.xcconfig */,
			);
			path = Pods;
			sourceTree = "<group>";
		};
		F568792DE4250EF608311382 /* Frameworks */ = {
			isa = PBXGroup;
			children = (
				FD99D3D214A8D062E277A060 /* Pods_docusketchTestTask.framework */,
			);
			name = Frameworks;
			sourceTree = "<group>";
		};
/* End PBXGroup section */

/* Begin PBXNativeTarget section */
		A74E08C02A8FE7CA00D4B7F6 /* docusketchTestTask */ = {
			isa = PBXNativeTarget;
			buildConfigurationList = A74E08D52A8FE7CB00D4B7F6 /* Build configuration list for PBXNativeTarget "docusketchTestTask" */;
			buildPhases = (
				9DAEF14B99B2C470863B25C6 /* [CP] Check Pods Manifest.lock */,
				A74E08BD2A8FE7CA00D4B7F6 /* Sources */,
				A74E08BE2A8FE7CA00D4B7F6 /* Frameworks */,
				A74E08BF2A8FE7CA00D4B7F6 /* Resources */,
				FA6159134863A09897E1A733 /* [CP] Embed Pods Frameworks */,
			);
			buildRules = (
			);
			dependencies = (
			);
			name = docusketchTestTask;
			productName = docusketchTestTask;
			productReference = A74E08C12A8FE7CA00D4B7F6 /* docusketchTestTask.app */;
			productType = "com.apple.product-type.application";
		};
/* End PBXNativeTarget section */

/* Begin PBXProject section */
		A74E08B92A8FE7CA00D4B7F6 /* Project object */ = {
			isa = PBXProject;
			attributes = {
				BuildIndependentTargetsInParallel = 1;
				LastSwiftUpdateCheck = 1430;
				LastUpgradeCheck = 1430;
				TargetAttributes = {
					A74E08C02A8FE7CA00D4B7F6 = {
						CreatedOnToolsVersion = 14.3.1;
					};
				};
			};
			buildConfigurationList = A74E08BC2A8FE7CA00D4B7F6 /* Build configuration list for PBXProject "docusketchTestTask" */;
			compatibilityVersion = "Xcode 14.0";
			developmentRegion = en;
			hasScannedForEncodings = 0;
			knownRegions = (
				en,
				Base,
			);
			mainGroup = A74E08B82A8FE7CA00D4B7F6;
			productRefGroup = A74E08C22A8FE7CA00D4B7F6 /* Products */;
			projectDirPath = "";
			projectRoot = "";
			targets = (
				A74E08C02A8FE7CA00D4B7F6 /* docusketchTestTask */,
			);
		};
/* End PBXProject section */

/* Begin PBXResourcesBuildPhase section */
		A74E08BF2A8FE7CA00D4B7F6 /* Resources */ = {
			isa = PBXResourcesBuildPhase;
			buildActionMask = 2147483647;
			files = (
				A74E08D12A8FE7CB00D4B7F6 /* LaunchScreen.storyboard in Resources */,
				A74E08CE2A8FE7CB00D4B7F6 /* Assets.xcassets in Resources */,
				A74E08CC2A8FE7CA00D4B7F6 /* ToDoList.storyboard in Resources */,
			);
			runOnlyForDeploymentPostprocessing = 0;
		};
/* End PBXResourcesBuildPhase section */

/* Begin PBXShellScriptBuildPhase section */
		9DAEF14B99B2C470863B25C6 /* [CP] Check Pods Manifest.lock */ = {
			isa = PBXShellScriptBuildPhase;
			buildActionMask = 2147483647;
			files = (
			);
			inputFileListPaths = (
			);
			inputPaths = (
				"${PODS_PODFILE_DIR_PATH}/Podfile.lock",
				"${PODS_ROOT}/Manifest.lock",
			);
			name = "[CP] Check Pods Manifest.lock";
			outputFileListPaths = (
			);
			outputPaths = (
				"$(DERIVED_FILE_DIR)/Pods-docusketchTestTask-checkManifestLockResult.txt",
			);
			runOnlyForDeploymentPostprocessing = 0;
			shellPath = /bin/sh;
			shellScript = "diff \"${PODS_PODFILE_DIR_PATH}/Podfile.lock\" \"${PODS_ROOT}/Manifest.lock\" > /dev/null\nif [ $? != 0 ] ; then\n    # print error to STDERR\n    echo \"error: The sandbox is not in sync with the Podfile.lock. Run 'pod install' or update your CocoaPods installation.\" >&2\n    exit 1\nfi\n# This output is used by Xcode 'outputs' to avoid re-running this script phase.\necho \"SUCCESS\" > \"${SCRIPT_OUTPUT_FILE_0}\"\n";
			showEnvVarsInLog = 0;
		};
		FA6159134863A09897E1A733 /* [CP] Embed Pods Frameworks */ = {
			isa = PBXShellScriptBuildPhase;
			buildActionMask = 2147483647;
			files = (
			);
			inputFileListPaths = (
				"${PODS_ROOT}/Target Support Files/Pods-docusketchTestTask/Pods-docusketchTestTask-frameworks-${CONFIGURATION}-input-files.xcfilelist",
			);
			name = "[CP] Embed Pods Frameworks";
			outputFileListPaths = (
				"${PODS_ROOT}/Target Support Files/Pods-docusketchTestTask/Pods-docusketchTestTask-frameworks-${CONFIGURATION}-output-files.xcfilelist",
			);
			runOnlyForDeploymentPostprocessing = 0;
			shellPath = /bin/sh;
			shellScript = "\"${PODS_ROOT}/Target Support Files/Pods-docusketchTestTask/Pods-docusketchTestTask-frameworks.sh\"\n";
			showEnvVarsInLog = 0;
		};
/* End PBXShellScriptBuildPhase section */

/* Begin PBXSourcesBuildPhase section */
		A74E08BD2A8FE7CA00D4B7F6 /* Sources */ = {
			isa = PBXSourcesBuildPhase;
			buildActionMask = 2147483647;
			files = (
				A74E08C92A8FE7CA00D4B7F6 /* ToDoViewController.swift in Sources */,
				A75678D22A8FFE040078F068 /* TaskModel.swift in Sources */,
				A74E08C52A8FE7CA00D4B7F6 /* AppDelegate.swift in Sources */,
				A74E08C72A8FE7CA00D4B7F6 /* SceneDelegate.swift in Sources */,
				A773CAC82A9261C20042E2BC /* DBErrors.swift in Sources */,
				A75678D62A90070C0078F068 /* TaskTableViewCell.swift in Sources */,
				A75678D82A90C2B20078F068 /* TaskViewController.swift in Sources */,
				A773CAC32A9229C30042E2BC /* DatabaseManager.swift in Sources */,
			);
			runOnlyForDeploymentPostprocessing = 0;
		};
/* End PBXSourcesBuildPhase section */

/* Begin PBXVariantGroup section */
		A74E08CA2A8FE7CA00D4B7F6 /* ToDoList.storyboard */ = {
			isa = PBXVariantGroup;
			children = (
				A74E08CB2A8FE7CA00D4B7F6 /* Base */,
			);
			name = ToDoList.storyboard;
			sourceTree = "<group>";
		};
		A74E08CF2A8FE7CB00D4B7F6 /* LaunchScreen.storyboard */ = {
			isa = PBXVariantGroup;
			children = (
				A74E08D02A8FE7CB00D4B7F6 /* Base */,
			);
			name = LaunchScreen.storyboard;
			sourceTree = "<group>";
		};
/* End PBXVariantGroup section */

/* Begin XCBuildConfiguration section */
		A74E08D32A8FE7CB00D4B7F6 /* Debug */ = {
			isa = XCBuildConfiguration;
			buildSettings = {
				ALWAYS_SEARCH_USER_PATHS = NO;
				CLANG_ANALYZER_NONNULL = YES;
				CLANG_ANALYZER_NUMBER_OBJECT_CONVERSION = YES_AGGRESSIVE;
				CLANG_CXX_LANGUAGE_STANDARD = "gnu++20";
				CLANG_ENABLE_MODULES = YES;
				CLANG_ENABLE_OBJC_ARC = YES;
				CLANG_ENABLE_OBJC_WEAK = YES;
				CLANG_WARN_BLOCK_CAPTURE_AUTORELEASING = YES;
				CLANG_WARN_BOOL_CONVERSION = YES;
				CLANG_WARN_COMMA = YES;
				CLANG_WARN_CONSTANT_CONVERSION = YES;
				CLANG_WARN_DEPRECATED_OBJC_IMPLEMENTATIONS = YES;
				CLANG_WARN_DIRECT_OBJC_ISA_USAGE = YES_ERROR;
				CLANG_WARN_DOCUMENTATION_COMMENTS = YES;
				CLANG_WARN_EMPTY_BODY = YES;
				CLANG_WARN_ENUM_CONVERSION = YES;
				CLANG_WARN_INFINITE_RECURSION = YES;
				CLANG_WARN_INT_CONVERSION = YES;
				CLANG_WARN_NON_LITERAL_NULL_CONVERSION = YES;
				CLANG_WARN_OBJC_IMPLICIT_RETAIN_SELF = YES;
				CLANG_WARN_OBJC_LITERAL_CONVERSION = YES;
				CLANG_WARN_OBJC_ROOT_CLASS = YES_ERROR;
				CLANG_WARN_QUOTED_INCLUDE_IN_FRAMEWORK_HEADER = YES;
				CLANG_WARN_RANGE_LOOP_ANALYSIS = YES;
				CLANG_WARN_STRICT_PROTOTYPES = YES;
				CLANG_WARN_SUSPICIOUS_MOVE = YES;
				CLANG_WARN_UNGUARDED_AVAILABILITY = YES_AGGRESSIVE;
				CLANG_WARN_UNREACHABLE_CODE = YES;
				CLANG_WARN__DUPLICATE_METHOD_MATCH = YES;
				COPY_PHASE_STRIP = NO;
				DEBUG_INFORMATION_FORMAT = dwarf;
				ENABLE_STRICT_OBJC_MSGSEND = YES;
				ENABLE_TESTABILITY = YES;
				GCC_C_LANGUAGE_STANDARD = gnu11;
				GCC_DYNAMIC_NO_PIC = NO;
				GCC_NO_COMMON_BLOCKS = YES;
				GCC_OPTIMIZATION_LEVEL = 0;
				GCC_PREPROCESSOR_DEFINITIONS = (
					"DEBUG=1",
					"$(inherited)",
				);
				GCC_WARN_64_TO_32_BIT_CONVERSION = YES;
				GCC_WARN_ABOUT_RETURN_TYPE = YES_ERROR;
				GCC_WARN_UNDECLARED_SELECTOR = YES;
				GCC_WARN_UNINITIALIZED_AUTOS = YES_AGGRESSIVE;
				GCC_WARN_UNUSED_FUNCTION = YES;
				GCC_WARN_UNUSED_VARIABLE = YES;
				IPHONEOS_DEPLOYMENT_TARGET = 16.4;
				MTL_ENABLE_DEBUG_INFO = INCLUDE_SOURCE;
				MTL_FAST_MATH = YES;
				ONLY_ACTIVE_ARCH = YES;
				SDKROOT = iphoneos;
				SWIFT_ACTIVE_COMPILATION_CONDITIONS = DEBUG;
				SWIFT_OPTIMIZATION_LEVEL = "-Onone";
			};
			name = Debug;
		};
		A74E08D42A8FE7CB00D4B7F6 /* Release */ = {
			isa = XCBuildConfiguration;
			buildSettings = {
				ALWAYS_SEARCH_USER_PATHS = NO;
				CLANG_ANALYZER_NONNULL = YES;
				CLANG_ANALYZER_NUMBER_OBJECT_CONVERSION = YES_AGGRESSIVE;
				CLANG_CXX_LANGUAGE_STANDARD = "gnu++20";
				CLANG_ENABLE_MODULES = YES;
				CLANG_ENABLE_OBJC_ARC = YES;
				CLANG_ENABLE_OBJC_WEAK = YES;
				CLANG_WARN_BLOCK_CAPTURE_AUTORELEASING = YES;
				CLANG_WARN_BOOL_CONVERSION = YES;
				CLANG_WARN_COMMA = YES;
				CLANG_WARN_CONSTANT_CONVERSION = YES;
				CLANG_WARN_DEPRECATED_OBJC_IMPLEMENTATIONS = YES;
				CLANG_WARN_DIRECT_OBJC_ISA_USAGE = YES_ERROR;
				CLANG_WARN_DOCUMENTATION_COMMENTS = YES;
				CLANG_WARN_EMPTY_BODY = YES;
				CLANG_WARN_ENUM_CONVERSION = YES;
				CLANG_WARN_INFINITE_RECURSION = YES;
				CLANG_WARN_INT_CONVERSION = YES;
				CLANG_WARN_NON_LITERAL_NULL_CONVERSION = YES;
				CLANG_WARN_OBJC_IMPLICIT_RETAIN_SELF = YES;
				CLANG_WARN_OBJC_LITERAL_CONVERSION = YES;
				CLANG_WARN_OBJC_ROOT_CLASS = YES_ERROR;
				CLANG_WARN_QUOTED_INCLUDE_IN_FRAMEWORK_HEADER = YES;
				CLANG_WARN_RANGE_LOOP_ANALYSIS = YES;
				CLANG_WARN_STRICT_PROTOTYPES = YES;
				CLANG_WARN_SUSPICIOUS_MOVE = YES;
				CLANG_WARN_UNGUARDED_AVAILABILITY = YES_AGGRESSIVE;
				CLANG_WARN_UNREACHABLE_CODE = YES;
				CLANG_WARN__DUPLICATE_METHOD_MATCH = YES;
				COPY_PHASE_STRIP = NO;
				DEBUG_INFORMATION_FORMAT = "dwarf-with-dsym";
				ENABLE_NS_ASSERTIONS = NO;
				ENABLE_STRICT_OBJC_MSGSEND = YES;
				GCC_C_LANGUAGE_STANDARD = gnu11;
				GCC_NO_COMMON_BLOCKS = YES;
				GCC_WARN_64_TO_32_BIT_CONVERSION = YES;
				GCC_WARN_ABOUT_RETURN_TYPE = YES_ERROR;
				GCC_WARN_UNDECLARED_SELECTOR = YES;
				GCC_WARN_UNINITIALIZED_AUTOS = YES_AGGRESSIVE;
				GCC_WARN_UNUSED_FUNCTION = YES;
				GCC_WARN_UNUSED_VARIABLE = YES;
				IPHONEOS_DEPLOYMENT_TARGET = 16.4;
				MTL_ENABLE_DEBUG_INFO = NO;
				MTL_FAST_MATH = YES;
				SDKROOT = iphoneos;
				SWIFT_COMPILATION_MODE = wholemodule;
				SWIFT_OPTIMIZATION_LEVEL = "-O";
				VALIDATE_PRODUCT = YES;
			};
			name = Release;
		};
		A74E08D62A8FE7CB00D4B7F6 /* Debug */ = {
			isa = XCBuildConfiguration;
			baseConfigurationReference = C6EC234B1BED465747F7C2D1 /* Pods-docusketchTestTask.debug.xcconfig */;
			buildSettings = {
				ASSETCATALOG_COMPILER_APPICON_NAME = AppIcon;
				ASSETCATALOG_COMPILER_GLOBAL_ACCENT_COLOR_NAME = AccentColor;
				CODE_SIGN_STYLE = Automatic;
				CURRENT_PROJECT_VERSION = 1;
				DEVELOPMENT_TEAM = X6MF2GQY74;
				GENERATE_INFOPLIST_FILE = YES;
				INFOPLIST_FILE = docusketchTestTask/Info.plist;
				INFOPLIST_KEY_UIApplicationSupportsIndirectInputEvents = YES;
				INFOPLIST_KEY_UILaunchStoryboardName = LaunchScreen;
				INFOPLIST_KEY_UIMainStoryboardFile = ToDoList;
				INFOPLIST_KEY_UIStatusBarStyle = UIStatusBarStyleDarkContent;
				INFOPLIST_KEY_UISupportedInterfaceOrientations = UIInterfaceOrientationPortrait;
				INFOPLIST_KEY_UISupportedInterfaceOrientations_iPad = "UIInterfaceOrientationLandscapeLeft UIInterfaceOrientationLandscapeRight UIInterfaceOrientationPortrait UIInterfaceOrientationPortraitUpsideDown";
				LD_RUNPATH_SEARCH_PATHS = (
					"$(inherited)",
					"@executable_path/Frameworks",
				);
				MARKETING_VERSION = 1.0;
				PRODUCT_BUNDLE_IDENTIFIER = valentinrymsha.docusketchTestTask;
				PRODUCT_NAME = "$(TARGET_NAME)";
				SUPPORTED_PLATFORMS = "iphoneos iphonesimulator";
				SUPPORTS_MACCATALYST = NO;
				SUPPORTS_MAC_DESIGNED_FOR_IPHONE_IPAD = NO;
				SWIFT_EMIT_LOC_STRINGS = YES;
				SWIFT_VERSION = 5.0;
				TARGETED_DEVICE_FAMILY = 1;
			};
			name = Debug;
		};
		A74E08D72A8FE7CB00D4B7F6 /* Release */ = {
			isa = XCBuildConfiguration;
			baseConfigurationReference = 73E45EC4D20358C7453DB1B2 /* Pods-docusketchTestTask.release.xcconfig */;
			buildSettings = {
				ASSETCATALOG_COMPILER_APPICON_NAME = AppIcon;
				ASSETCATALOG_COMPILER_GLOBAL_ACCENT_COLOR_NAME = AccentColor;
				CODE_SIGN_STYLE = Automatic;
				CURRENT_PROJECT_VERSION = 1;
				DEVELOPMENT_TEAM = X6MF2GQY74;
				GENERATE_INFOPLIST_FILE = YES;
				INFOPLIST_FILE = docusketchTestTask/Info.plist;
				INFOPLIST_KEY_UIApplicationSupportsIndirectInputEvents = YES;
				INFOPLIST_KEY_UILaunchStoryboardName = LaunchScreen;
				INFOPLIST_KEY_UIMainStoryboardFile = ToDoList;
				INFOPLIST_KEY_UIStatusBarStyle = UIStatusBarStyleDarkContent;
				INFOPLIST_KEY_UISupportedInterfaceOrientations = UIInterfaceOrientationPortrait;
				INFOPLIST_KEY_UISupportedInterfaceOrientations_iPad = "UIInterfaceOrientationLandscapeLeft UIInterfaceOrientationLandscapeRight UIInterfaceOrientationPortrait UIInterfaceOrientationPortraitUpsideDown";
				LD_RUNPATH_SEARCH_PATHS = (
					"$(inherited)",
					"@executable_path/Frameworks",
				);
				MARKETING_VERSION = 1.0;
				PRODUCT_BUNDLE_IDENTIFIER = valentinrymsha.docusketchTestTask;
				PRODUCT_NAME = "$(TARGET_NAME)";
				SUPPORTED_PLATFORMS = "iphoneos iphonesimulator";
				SUPPORTS_MACCATALYST = NO;
				SUPPORTS_MAC_DESIGNED_FOR_IPHONE_IPAD = NO;
				SWIFT_EMIT_LOC_STRINGS = YES;
				SWIFT_VERSION = 5.0;
				TARGETED_DEVICE_FAMILY = 1;
			};
			name = Release;
		};
/* End XCBuildConfiguration section */

/* Begin XCConfigurationList section */
		A74E08BC2A8FE7CA00D4B7F6 /* Build configuration list for PBXProject "docusketchTestTask" */ = {
			isa = XCConfigurationList;
			buildConfigurations = (
				A74E08D32A8FE7CB00D4B7F6 /* Debug */,
				A74E08D42A8FE7CB00D4B7F6 /* Release */,
			);
			defaultConfigurationIsVisible = 0;
			defaultConfigurationName = Release;
		};
		A74E08D52A8FE7CB00D4B7F6 /* Build configuration list for PBXNativeTarget "docusketchTestTask" */ = {
			isa = XCConfigurationList;
			buildConfigurations = (
				A74E08D62A8FE7CB00D4B7F6 /* Debug */,
				A74E08D72A8FE7CB00D4B7F6 /* Release */,
			);
			defaultConfigurationIsVisible = 0;
			defaultConfigurationName = Release;
		};
/* End XCConfigurationList section */
	};
	rootObject = A74E08B92A8FE7CA00D4B7F6 /* Project object */;
}
